// !$*UTF8*$!
{
	archiveVersion = 1;
	classes = {
	};
	objectVersion = 46;
	objects = {

/* Begin PBXBuildFile section */
		8C21802B1D0A4D1300C838B7 /* AppDelegate.swift in Sources */ = {isa = PBXBuildFile; fileRef = 8C21802A1D0A4D1300C838B7 /* AppDelegate.swift */; };
		8C21802D1D0A4D1300C838B7 /* ViewController.swift in Sources */ = {isa = PBXBuildFile; fileRef = 8C21802C1D0A4D1300C838B7 /* ViewController.swift */; };
		8C2180301D0A4D1300C838B7 /* Main.storyboard in Resources */ = {isa = PBXBuildFile; fileRef = 8C21802E1D0A4D1300C838B7 /* Main.storyboard */; };
		8C2180321D0A4D1300C838B7 /* Assets.xcassets in Resources */ = {isa = PBXBuildFile; fileRef = 8C2180311D0A4D1300C838B7 /* Assets.xcassets */; };
		8C2180351D0A4D1300C838B7 /* LaunchScreen.storyboard in Resources */ = {isa = PBXBuildFile; fileRef = 8C2180331D0A4D1300C838B7 /* LaunchScreen.storyboard */; };
		8C21803D1D0A582C00C838B7 /* ViewController2.swift in Sources */ = {isa = PBXBuildFile; fileRef = 8C21803C1D0A582C00C838B7 /* ViewController2.swift */; };
/* End PBXBuildFile section */

/* Begin PBXFileReference section */
		8C2180271D0A4D1300C838B7 /* NSUserDefaultExample.app */ = {isa = PBXFileReference; explicitFileType = wrapper.application; includeInIndex = 0; path = NSUserDefaultExample.app; sourceTree = BUILT_PRODUCTS_DIR; };
		8C21802A1D0A4D1300C838B7 /* AppDelegate.swift */ = {isa = PBXFileReference; lastKnownFileType = sourcecode.swift; path = AppDelegate.swift; sourceTree = "<group>"; };
		8C21802C1D0A4D1300C838B7 /* ViewController.swift */ = {isa = PBXFileReference; lastKnownFileType = sourcecode.swift; path = ViewController.swift; sourceTree = "<group>"; };
		8C21802F1D0A4D1300C838B7 /* Base */ = {isa = PBXFileReference; lastKnownFileType = file.storyboard; name = Base; path = Base.lproj/Main.storyboard; sourceTree = "<group>"; };
		8C2180311D0A4D1300C838B7 /* Assets.xcassets */ = {isa = PBXFileReference; lastKnownFileType = folder.assetcatalog; path = Assets.xcassets; sourceTree = "<group>"; };
		8C2180341D0A4D1300C838B7 /* Base */ = {isa = PBXFileReference; lastKnownFileType = file.storyboard; name = Base; path = Base.lproj/LaunchScreen.storyboard; sourceTree = "<group>"; };
		8C2180361D0A4D1300C838B7 /* Info.plist */ = {isa = PBXFileReference; lastKnownFileType = text.plist.xml; path = Info.plist; sourceTree = "<group>"; };
		8C21803C1D0A582C00C838B7 /* ViewController2.swift */ = {isa = PBXFileReference; fileEncoding = 4; lastKnownFileType = sourcecode.swift; path = ViewController2.swift; sourceTree = "<group>"; };
/* End PBXFileReference section */

/* Begin PBXFrameworksBuildPhase section */
		8C2180241D0A4D1300C838B7 /* Frameworks */ = {
			isa = PBXFrameworksBuildPhase;
			buildActionMask = 2147483647;
			files = (
			);
			runOnlyForDeploymentPostprocessing = 0;
		};
/* End PBXFrameworksBuildPhase section */

/* Begin PBXGroup section */
		8C21801E1D0A4D1300C838B7 = {
			isa = PBXGroup;
			children = (
				8C2180291D0A4D1300C838B7 /* NSUserDefaultExample */,
				8C2180281D0A4D1300C838B7 /* Products */,
			);
			sourceTree = "<group>";
		};
		8C2180281D0A4D1300C838B7 /* Products */ = {
			isa = PBXGroup;
			children = (
				8C2180271D0A4D1300C838B7 /* NSUserDefaultExample.app */,
			);
			name = Products;
			sourceTree = "<group>";
		};
		8C2180291D0A4D1300C838B7 /* NSUserDefaultExample */ = {
			isa = PBXGroup;
			children = (
				8C21802A1D0A4D1300C838B7 /* AppDelegate.swift */,
				8C21802C1D0A4D1300C838B7 /* ViewController.swift */,
				8C21803C1D0A582C00C838B7 /* ViewController2.swift */,
				8C21802E1D0A4D1300C838B7 /* Main.storyboard */,
				8C2180311D0A4D1300C838B7 /* Assets.xcassets */,
				8C2180331D0A4D1300C838B7 /* LaunchScreen.storyboard */,
				8C2180361D0A4D1300C838B7 /* Info.plist */,
			);
			path = NSUserDefaultExample;
			sourceTree = "<group>";
		};
/* End PBXGroup section */

/* Begin PBXNativeTarget section */
		8C2180261D0A4D1300C838B7 /* NSUserDefaultExample */ = {
			isa = PBXNativeTarget;
			buildConfigurationList = 8C2180391D0A4D1300C838B7 /* Build configuration list for PBXNativeTarget "NSUserDefaultExample" */;
			buildPhases = (
				8C2180231D0A4D1300C838B7 /* Sources */,
				8C2180241D0A4D1300C838B7 /* Frameworks */,
				8C2180251D0A4D1300C838B7 /* Resources */,
			);
			buildRules = (
			);
			dependencies = (
			);
			name = NSUserDefaultExample;
			productName = NSUserDefaultExample;
			productReference = 8C2180271D0A4D1300C838B7 /* NSUserDefaultExample.app */;
			productType = "com.apple.product-type.application";
		};
/* End PBXNativeTarget section */

/* Begin PBXProject section */
		8C21801F1D0A4D1300C838B7 /* Project object */ = {
			isa = PBXProject;
			attributes = {
				LastSwiftUpdateCheck = 0730;
				LastUpgradeCheck = 0730;
				ORGANIZATIONNAME = "Ricardo Bravo Acuña";
				TargetAttributes = {
					8C2180261D0A4D1300C838B7 = {
						CreatedOnToolsVersion = 7.3.1;
					};
				};
			};
			buildConfigurationList = 8C2180221D0A4D1300C838B7 /* Build configuration list for PBXProject "NSUserDefaultExample" */;
			compatibilityVersion = "Xcode 3.2";
			developmentRegion = English;
			hasScannedForEncodings = 0;
			knownRegions = (
				en,
				Base,
			);
			mainGroup = 8C21801E1D0A4D1300C838B7;
			productRefGroup = 8C2180281D0A4D1300C838B7 /* Products */;
			projectDirPath = "";
			projectRoot = "";
			targets = (
				8C2180261D0A4D1300C838B7 /* NSUserDefaultExample */,
			);
		};
/* End PBXProject section */

/* Begin PBXResourcesBuildPhase section */
		8C2180251D0A4D1300C838B7 /* Resources */ = {
			isa = PBXResourcesBuildPhase;
			buildActionMask = 2147483647;
			files = (
				8C2180351D0A4D1300C838B7 /* LaunchScreen.storyboard in Resources */,
				8C2180321D0A4D1300C838B7 /* Assets.xcassets in Resources */,
				8C2180301D0A4D1300C838B7 /* Main.storyboard in Resources */,
			);
			runOnlyForDeploymentPostprocessing = 0;
		};
/* End PBXResourcesBuildPhase section */

/* Begin PBXSourcesBuildPhase section */
		8C2180231D0A4D1300C838B7 /* Sources */ = {
			isa = PBXSourcesBuildPhase;
			buildActionMask = 2147483647;
			files = (
				8C21802D1D0A4D1300C838B7 /* ViewController.swift in Sources */,
				8C21802B1D0A4D1300C838B7 /* AppDelegate.swift in Sources */,
				8C21803D1D0A582C00C838B7 /* ViewController2.swift in Sources */,
			);
			runOnlyForDeploymentPostprocessing = 0;
		};
/* End PBXSourcesBuildPhase section */

/* Begin PBXVariantGroup section */
		8C21802E1D0A4D1300C838B7 /* Main.storyboard */ = {
			isa = PBXVariantGroup;
			children = (
				8C21802F1D0A4D1300C838B7 /* Base */,
			);
			name = Main.storyboard;
			sourceTree = "<group>";
		};
		8C2180331D0A4D1300C838B7 /* LaunchScreen.storyboard */ = {
			isa = PBXVariantGroup;
			children = (
				8C2180341D0A4D1300C838B7 /* Base */,
			);
			name = LaunchScreen.storyboard;
			sourceTree = "<group>";
		};
/* End PBXVariantGroup section */

/* Begin XCBuildConfiguration section */
		8C2180371D0A4D1300C838B7 /* Debug */ = {
			isa = XCBuildConfiguration;
			buildSettings = {
				ALWAYS_SEARCH_USER_PATHS = NO;
				CLANG_ANALYZER_NONNULL = YES;
				CLANG_CXX_LANGUAGE_STANDARD = "gnu++0x";
				CLANG_CXX_LIBRARY = "libc++";
				CLANG_ENABLE_MODULES = YES;
				CLANG_ENABLE_OBJC_ARC = YES;
				CLANG_WARN_BOOL_CONVERSION = YES;
				CLANG_WARN_CONSTANT_CONVERSION = YES;
				CLANG_WARN_DIRECT_OBJC_ISA_USAGE = YES_ERROR;
				CLANG_WARN_EMPTY_BODY = YES;
				CLANG_WARN_ENUM_CONVERSION = YES;
				CLANG_WARN_INT_CONVERSION = YES;
				CLANG_WARN_OBJC_ROOT_CLASS = YES_ERROR;
				CLANG_WARN_UNREACHABLE_CODE = YES;
				CLANG_WARN__DUPLICATE_METHOD_MATCH = YES;
				"CODE_SIGN_IDENTITY[sdk=iphoneos*]" = "iPhone Developer";
				COPY_PHASE_STRIP = NO;
				DEBUG_INFORMATION_FORMAT = dwarf;
				ENABLE_STRICT_OBJC_MSGSEND = YES;
				ENABLE_TESTABILITY = YES;
				GCC_C_LANGUAGE_STANDARD = gnu99;
				GCC_DYNAMIC_NO_PIC = NO;
				GCC_NO_COMMON_BLOCKS = YES;
				GCC_OPTIMIZATION_LEVEL = 0;
				GCC_PREPROCESSOR_DEFINITIONS = (
					"DEBUG=1",
					"$(inherited)",
				);
				GCC_WARN_64_TO_32_BIT_CONVERSION = YES;
				GCC_WARN_ABOUT_RETURN_TYPE = YES_ERROR;
				GCC_WARN_UNDECLARED_SELECTOR = YES;
				GCC_WARN_UNINITIALIZED_AUTOS = YES_AGGRESSIVE;
				GCC_WARN_UNUSED_FUNCTION = YES;
				GCC_WARN_UNUSED_VARIABLE = YES;
				IPHONEOS_DEPLOYMENT_TARGET = 9.3;
				MTL_ENABLE_DEBUG_INFO = YES;
				ONLY_ACTIVE_ARCH = YES;
				SDKROOT = iphoneos;
				SWIFT_OPTIMIZATION_LEVEL = "-Onone";
			};
			name = Debug;
		};
		8C2180381D0A4D1300C838B7 /* Release */ = {
			isa = XCBuildConfiguration;
			buildSettings = {
				ALWAYS_SEARCH_USER_PATHS = NO;
				CLANG_ANALYZER_NONNULL = YES;
				CLANG_CXX_LANGUAGE_STANDARD = "gnu++0x";
				CLANG_CXX_LIBRARY = "libc++";
				CLANG_ENABLE_MODULES = YES;
				CLANG_ENABLE_OBJC_ARC = YES;
				CLANG_WARN_BOOL_CONVERSION = YES;
				CLANG_WARN_CONSTANT_CONVERSION = YES;
				CLANG_WARN_DIRECT_OBJC_ISA_USAGE = YES_ERROR;
				CLANG_WARN_EMPTY_BODY = YES;
				CLANG_WARN_ENUM_CONVERSION = YES;
				CLANG_WARN_INT_CONVERSION = YES;
				CLANG_WARN_OBJC_ROOT_CLASS = YES_ERROR;
				CLANG_WARN_UNREACHABLE_CODE = YES;
				CLANG_WARN__DUPLICATE_METHOD_MATCH = YES;
				"CODE_SIGN_IDENTITY[sdk=iphoneos*]" = "iPhone Developer";
				COPY_PHASE_STRIP = NO;
				DEBUG_INFORMATION_FORMAT = "dwarf-with-dsym";
				ENABLE_NS_ASSERTIONS = NO;
				ENABLE_STRICT_OBJC_MSGSEND = YES;
				GCC_C_LANGUAGE_STANDARD = gnu99;
				GCC_NO_COMMON_BLOCKS = YES;
				GCC_WARN_64_TO_32_BIT_CONVERSION = YES;
				GCC_WARN_ABOUT_RETURN_TYPE = YES_ERROR;
				GCC_WARN_UNDECLARED_SELECTOR = YES;
				GCC_WARN_UNINITIALIZED_AUTOS = YES_AGGRESSIVE;
				GCC_WARN_UNUSED_FUNCTION = YES;
				GCC_WARN_UNUSED_VARIABLE = YES;
				IPHONEOS_DEPLOYMENT_TARGET = 9.3;
				MTL_ENABLE_DEBUG_INFO = NO;
				SDKROOT = iphoneos;
				VALIDATE_PRODUCT = YES;
			};
			name = Release;
		};
		8C21803A1D0A4D1300C838B7 /* Debug */ = {
			isa = XCBuildConfiguration;
			buildSettings = {
				ASSETCATALOG_COMPILER_APPICON_NAME = AppIcon;
				INFOPLIST_FILE = NSUserDefaultExample/Info.plist;
				LD_RUNPATH_SEARCH_PATHS = "$(inherited) @executable_path/Frameworks";
				PRODUCT_BUNDLE_IDENTIFIER = com.rba.NSUserDefaultExample;
				PRODUCT_NAME = "$(TARGET_NAME)";
			};
			name = Debug;
		};
		8C21803B1D0A4D1300C838B7 /* Release */ = {
			isa = XCBuildConfiguration;
			buildSettings = {
				ASSETCATALOG_COMPILER_APPICON_NAME = AppIcon;
				INFOPLIST_FILE = NSUserDefaultExample/Info.plist;
				LD_RUNPATH_SEARCH_PATHS = "$(inherited) @executable_path/Frameworks";
				PRODUCT_BUNDLE_IDENTIFIER = com.rba.NSUserDefaultExample;
				PRODUCT_NAME = "$(TARGET_NAME)";
			};
			name = Release;
		};
/* End XCBuildConfiguration section */

/* Begin XCConfigurationList section */
		8C2180221D0A4D1300C838B7 /* Build configuration list for PBXProject "NSUserDefaultExample" */ = {
			isa = XCConfigurationList;
			buildConfigurations = (
				8C2180371D0A4D1300C838B7 /* Debug */,
				8C2180381D0A4D1300C838B7 /* Release */,
			);
			defaultConfigurationIsVisible = 0;
			defaultConfigurationName = Release;
		};
		8C2180391D0A4D1300C838B7 /* Build configuration list for PBXNativeTarget "NSUserDefaultExample" */ = {
			isa = XCConfigurationList;
			buildConfigurations = (
				8C21803A1D0A4D1300C838B7 /* Debug */,
				8C21803B1D0A4D1300C838B7 /* Release */,
			);
			defaultConfigurationIsVisible = 0;
		};
/* End XCConfigurationList section */
	};
	rootObject = 8C21801F1D0A4D1300C838B7 /* Project object */;
}
